{
  "name": "portfolio",
  "version": "1.0.0",
  "lockfileVersion": 1,
  "requires": true,
  "dependencies": {
    "kinet": {
      "version": "2.2.1",
      "resolved": "https://registry.npmjs.org/kinet/-/kinet-2.2.1.tgz",
      "integrity": "sha512-UmnTPmnEokjxBeB3gPkOnTwRlIUaAeB+t21E+HJGzRKCGdJTUF3CTztK5yzzEuBQ1BZ0I0ovrY73+ctpPWFIOg=="
    },
    "particles.js": {
      "version": "2.0.0",
      "resolved": "https://registry.npmjs.org/particles.js/-/particles.js-2.0.0.tgz",
      "integrity": "sha1-IThsQyjWx/lngKIB6W7t/AnHNvY="
    }
  }
}
